// !$*UTF8*$!
{
	archiveVersion = 1;
	classes = {
	};
	objectVersion = 56;
	objects = {

/* Begin PBXBuildFile section */
		18BFFEFD2C2B01A000D8E596 /* NavigationCallController.swift in Sources */ = {isa = PBXBuildFile; fileRef = 18BFFEFC2C2B01A000D8E596 /* NavigationCallController.swift */; };
		18BFFEFF2C2B01C900D8E596 /* WindowCallController.swift in Sources */ = {isa = PBXBuildFile; fileRef = 18BFFEFE2C2B01C900D8E596 /* WindowCallController.swift */; };
		18BFFF012C2B025900D8E596 /* TabBarController.swift in Sources */ = {isa = PBXBuildFile; fileRef = 18BFFF002C2B025900D8E596 /* TabBarController.swift */; };
		26B680032C8EAE29003EEB9E /* DGChatWidgetPackage in Frameworks */ = {isa = PBXBuildFile; productRef = 26B680022C8EAE29003EEB9E /* DGChatWidgetPackage */; };
		A02EBA0C2BAC2E570006EE20 /* StraightForwardController.swift in Sources */ = {isa = PBXBuildFile; fileRef = A02EBA072BAC2E570006EE20 /* StraightForwardController.swift */; };
		A02EBA0D2BAC2E570006EE20 /* SDKDelegateObject.swift in Sources */ = {isa = PBXBuildFile; fileRef = A02EBA082BAC2E570006EE20 /* SDKDelegateObject.swift */; };
		A02EBA0E2BAC2E570006EE20 /* ManualCallController.swift in Sources */ = {isa = PBXBuildFile; fileRef = A02EBA092BAC2E570006EE20 /* ManualCallController.swift */; };
		A02EBA0F2BAC2E570006EE20 /* CustomAnimationController.swift in Sources */ = {isa = PBXBuildFile; fileRef = A02EBA0A2BAC2E570006EE20 /* CustomAnimationController.swift */; };
		A04F92B82C330481005F89CC /* LoadyButton.swift in Sources */ = {isa = PBXBuildFile; fileRef = A04F92B52C330478005F89CC /* LoadyButton.swift */; };
		A04F92B92C330481005F89CC /* ToggleView.swift in Sources */ = {isa = PBXBuildFile; fileRef = A04F92B62C330478005F89CC /* ToggleView.swift */; };
		A04F92C02C330CE6005F89CC /* ControlsView.swift in Sources */ = {isa = PBXBuildFile; fileRef = A04F92BF2C330CE6005F89CC /* ControlsView.swift */; };
		A0B1720C299B8ECA0091465B /* AppDelegate.swift in Sources */ = {isa = PBXBuildFile; fileRef = A0B1720B299B8ECA0091465B /* AppDelegate.swift */; };
		A0B1720E299B8ECA0091465B /* SceneDelegate.swift in Sources */ = {isa = PBXBuildFile; fileRef = A0B1720D299B8ECA0091465B /* SceneDelegate.swift */; };
		A0B17215299B8ECC0091465B /* Assets.xcassets in Resources */ = {isa = PBXBuildFile; fileRef = A0B17214299B8ECC0091465B /* Assets.xcassets */; };
		A0B17218299B8ECC0091465B /* LaunchScreen.storyboard in Resources */ = {isa = PBXBuildFile; fileRef = A0B17216299B8ECC0091465B /* LaunchScreen.storyboard */; };
		A0FB48EC2C33303A0028126D /* ChildViewController.swift in Sources */ = {isa = PBXBuildFile; fileRef = A0FB48EB2C33303A0028126D /* ChildViewController.swift */; };
/* End PBXBuildFile section */

/* Begin PBXFileReference section */
		18BFFEFC2C2B01A000D8E596 /* NavigationCallController.swift */ = {isa = PBXFileReference; lastKnownFileType = sourcecode.swift; path = NavigationCallController.swift; sourceTree = "<group>"; };
		18BFFEFE2C2B01C900D8E596 /* WindowCallController.swift */ = {isa = PBXFileReference; lastKnownFileType = sourcecode.swift; path = WindowCallController.swift; sourceTree = "<group>"; };
		18BFFF002C2B025900D8E596 /* TabBarController.swift */ = {isa = PBXFileReference; lastKnownFileType = sourcecode.swift; path = TabBarController.swift; sourceTree = "<group>"; };
		A02EBA072BAC2E570006EE20 /* StraightForwardController.swift */ = {isa = PBXFileReference; fileEncoding = 4; lastKnownFileType = sourcecode.swift; path = StraightForwardController.swift; sourceTree = "<group>"; };
		A02EBA082BAC2E570006EE20 /* SDKDelegateObject.swift */ = {isa = PBXFileReference; fileEncoding = 4; lastKnownFileType = sourcecode.swift; path = SDKDelegateObject.swift; sourceTree = "<group>"; };
		A02EBA092BAC2E570006EE20 /* ManualCallController.swift */ = {isa = PBXFileReference; fileEncoding = 4; lastKnownFileType = sourcecode.swift; path = ManualCallController.swift; sourceTree = "<group>"; };
		A02EBA0A2BAC2E570006EE20 /* CustomAnimationController.swift */ = {isa = PBXFileReference; fileEncoding = 4; lastKnownFileType = sourcecode.swift; path = CustomAnimationController.swift; sourceTree = "<group>"; };
		A04F92B52C330478005F89CC /* LoadyButton.swift */ = {isa = PBXFileReference; lastKnownFileType = sourcecode.swift; path = LoadyButton.swift; sourceTree = "<group>"; };
		A04F92B62C330478005F89CC /* ToggleView.swift */ = {isa = PBXFileReference; lastKnownFileType = sourcecode.swift; path = ToggleView.swift; sourceTree = "<group>"; };
		A04F92BF2C330CE6005F89CC /* ControlsView.swift */ = {isa = PBXFileReference; lastKnownFileType = sourcecode.swift; path = ControlsView.swift; sourceTree = "<group>"; };
		A0B17208299B8ECA0091465B /* DemoApp.app */ = {isa = PBXFileReference; explicitFileType = wrapper.application; includeInIndex = 0; path = DemoApp.app; sourceTree = BUILT_PRODUCTS_DIR; };
		A0B1720B299B8ECA0091465B /* AppDelegate.swift */ = {isa = PBXFileReference; lastKnownFileType = sourcecode.swift; path = AppDelegate.swift; sourceTree = "<group>"; };
		A0B1720D299B8ECA0091465B /* SceneDelegate.swift */ = {isa = PBXFileReference; lastKnownFileType = sourcecode.swift; path = SceneDelegate.swift; sourceTree = "<group>"; };
		A0B17214299B8ECC0091465B /* Assets.xcassets */ = {isa = PBXFileReference; lastKnownFileType = folder.assetcatalog; path = Assets.xcassets; sourceTree = "<group>"; };
		A0B17217299B8ECC0091465B /* Base */ = {isa = PBXFileReference; lastKnownFileType = file.storyboard; name = Base; path = Base.lproj/LaunchScreen.storyboard; sourceTree = "<group>"; };
		A0B17219299B8ECC0091465B /* Info.plist */ = {isa = PBXFileReference; lastKnownFileType = text.plist.xml; path = Info.plist; sourceTree = "<group>"; };
		A0FB48EB2C33303A0028126D /* ChildViewController.swift */ = {isa = PBXFileReference; lastKnownFileType = sourcecode.swift; path = ChildViewController.swift; sourceTree = "<group>"; };
/* End PBXFileReference section */

/* Begin PBXFrameworksBuildPhase section */
		A0B17205299B8ECA0091465B /* Frameworks */ = {
			isa = PBXFrameworksBuildPhase;
			buildActionMask = 2147483647;
			files = (
				26B680032C8EAE29003EEB9E /* DGChatWidgetPackage in Frameworks */,
			);
			runOnlyForDeploymentPostprocessing = 0;
		};
/* End PBXFrameworksBuildPhase section */

/* Begin PBXGroup section */
		A04F92B72C330478005F89CC /* Controls */ = {
			isa = PBXGroup;
			children = (
				A04F92BF2C330CE6005F89CC /* ControlsView.swift */,
				A04F92B52C330478005F89CC /* LoadyButton.swift */,
				A04F92B62C330478005F89CC /* ToggleView.swift */,
			);
			path = Controls;
			sourceTree = "<group>";
		};
		A0B171FF299B8ECA0091465B = {
			isa = PBXGroup;
			children = (
				A0B1720A299B8ECA0091465B /* DemoApp */,
				A0B17209299B8ECA0091465B /* Products */,
				A0B1721F299B8EEB0091465B /* Frameworks */,
			);
			sourceTree = "<group>";
		};
		A0B17209299B8ECA0091465B /* Products */ = {
			isa = PBXGroup;
			children = (
				A0B17208299B8ECA0091465B /* DemoApp.app */,
			);
			name = Products;
			sourceTree = "<group>";
		};
		A0B1720A299B8ECA0091465B /* DemoApp */ = {
			isa = PBXGroup;
			children = (
				A0FB48EB2C33303A0028126D /* ChildViewController.swift */,
				A04F92B72C330478005F89CC /* Controls */,
				A02EBA0A2BAC2E570006EE20 /* CustomAnimationController.swift */,
				18BFFEFC2C2B01A000D8E596 /* NavigationCallController.swift */,
				18BFFEFE2C2B01C900D8E596 /* WindowCallController.swift */,
				A02EBA092BAC2E570006EE20 /* ManualCallController.swift */,
				A02EBA072BAC2E570006EE20 /* StraightForwardController.swift */,
				18BFFF002C2B025900D8E596 /* TabBarController.swift */,
				A02EBA082BAC2E570006EE20 /* SDKDelegateObject.swift */,
				A0B1720B299B8ECA0091465B /* AppDelegate.swift */,
				A0B1720D299B8ECA0091465B /* SceneDelegate.swift */,
				A0B17214299B8ECC0091465B /* Assets.xcassets */,
				A0B17216299B8ECC0091465B /* LaunchScreen.storyboard */,
				A0B17219299B8ECC0091465B /* Info.plist */,
			);
			path = DemoApp;
			sourceTree = "<group>";
		};
		A0B1721F299B8EEB0091465B /* Frameworks */ = {
			isa = PBXGroup;
			children = (
			);
			name = Frameworks;
			sourceTree = "<group>";
		};
/* End PBXGroup section */

/* Begin PBXNativeTarget section */
		A0B17207299B8ECA0091465B /* DemoApp */ = {
			isa = PBXNativeTarget;
			buildConfigurationList = A0B1721C299B8ECC0091465B /* Build configuration list for PBXNativeTarget "DemoApp" */;
			buildPhases = (
				A0B17204299B8ECA0091465B /* Sources */,
				A0B17205299B8ECA0091465B /* Frameworks */,
				A0B17206299B8ECA0091465B /* Resources */,
			);
			buildRules = (
			);
			dependencies = (
			);
			name = DemoApp;
			packageProductDependencies = (
				26B680022C8EAE29003EEB9E /* DGChatWidgetPackage */,
			);
			productName = DemoApp;
			productReference = A0B17208299B8ECA0091465B /* DemoApp.app */;
			productType = "com.apple.product-type.application";
		};
/* End PBXNativeTarget section */

/* Begin PBXProject section */
		A0B17200299B8ECA0091465B /* Project object */ = {
			isa = PBXProject;
			attributes = {
				BuildIndependentTargetsInParallel = 1;
				LastSwiftUpdateCheck = 1420;
				LastUpgradeCheck = 1420;
				TargetAttributes = {
					A0B17207299B8ECA0091465B = {
						CreatedOnToolsVersion = 14.2;
					};
				};
			};
			buildConfigurationList = A0B17203299B8ECA0091465B /* Build configuration list for PBXProject "DemoApp" */;
			compatibilityVersion = "Xcode 14.0";
			developmentRegion = en;
			hasScannedForEncodings = 0;
			knownRegions = (
				en,
				Base,
			);
			mainGroup = A0B171FF299B8ECA0091465B;
			packageReferences = (
				26B680012C8EAE29003EEB9E /* XCRemoteSwiftPackageReference "genius-chat-widget-sdk-ios" */,
			);
			productRefGroup = A0B17209299B8ECA0091465B /* Products */;
			projectDirPath = "";
			projectRoot = "";
			targets = (
				A0B17207299B8ECA0091465B /* DemoApp */,
			);
		};
/* End PBXProject section */

/* Begin PBXResourcesBuildPhase section */
		A0B17206299B8ECA0091465B /* Resources */ = {
			isa = PBXResourcesBuildPhase;
			buildActionMask = 2147483647;
			files = (
				A0B17218299B8ECC0091465B /* LaunchScreen.storyboard in Resources */,
				A0B17215299B8ECC0091465B /* Assets.xcassets in Resources */,
			);
			runOnlyForDeploymentPostprocessing = 0;
		};
/* End PBXResourcesBuildPhase section */

/* Begin PBXSourcesBuildPhase section */
		A0B17204299B8ECA0091465B /* Sources */ = {
			isa = PBXSourcesBuildPhase;
			buildActionMask = 2147483647;
			files = (
				A0FB48EC2C33303A0028126D /* ChildViewController.swift in Sources */,
				A04F92C02C330CE6005F89CC /* ControlsView.swift in Sources */,
				A04F92B82C330481005F89CC /* LoadyButton.swift in Sources */,
				A04F92B92C330481005F89CC /* ToggleView.swift in Sources */,
				18BFFF012C2B025900D8E596 /* TabBarController.swift in Sources */,
				18BFFEFF2C2B01C900D8E596 /* WindowCallController.swift in Sources */,
				A02EBA0C2BAC2E570006EE20 /* StraightForwardController.swift in Sources */,
				18BFFEFD2C2B01A000D8E596 /* NavigationCallController.swift in Sources */,
				A02EBA0E2BAC2E570006EE20 /* ManualCallController.swift in Sources */,
				A0B1720C299B8ECA0091465B /* AppDelegate.swift in Sources */,
				A02EBA0F2BAC2E570006EE20 /* CustomAnimationController.swift in Sources */,
				A0B1720E299B8ECA0091465B /* SceneDelegate.swift in Sources */,
				A02EBA0D2BAC2E570006EE20 /* SDKDelegateObject.swift in Sources */,
			);
			runOnlyForDeploymentPostprocessing = 0;
		};
/* End PBXSourcesBuildPhase section */

/* Begin PBXVariantGroup section */
		A0B17216299B8ECC0091465B /* LaunchScreen.storyboard */ = {
			isa = PBXVariantGroup;
			children = (
				A0B17217299B8ECC0091465B /* Base */,
			);
			name = LaunchScreen.storyboard;
			sourceTree = "<group>";
		};
/* End PBXVariantGroup section */

/* Begin XCBuildConfiguration section */
		A0B1721A299B8ECC0091465B /* Debug */ = {
			isa = XCBuildConfiguration;
			buildSettings = {
				ALWAYS_SEARCH_USER_PATHS = NO;
				CLANG_ANALYZER_NONNULL = YES;
				CLANG_ANALYZER_NUMBER_OBJECT_CONVERSION = YES_AGGRESSIVE;
				CLANG_CXX_LANGUAGE_STANDARD = "gnu++20";
				CLANG_ENABLE_MODULES = YES;
				CLANG_ENABLE_OBJC_ARC = YES;
				CLANG_ENABLE_OBJC_WEAK = YES;
				CLANG_WARN_BLOCK_CAPTURE_AUTORELEASING = YES;
				CLANG_WARN_BOOL_CONVERSION = YES;
				CLANG_WARN_COMMA = YES;
				CLANG_WARN_CONSTANT_CONVERSION = YES;
				CLANG_WARN_DEPRECATED_OBJC_IMPLEMENTATIONS = YES;
				CLANG_WARN_DIRECT_OBJC_ISA_USAGE = YES_ERROR;
				CLANG_WARN_DOCUMENTATION_COMMENTS = YES;
				CLANG_WARN_EMPTY_BODY = YES;
				CLANG_WARN_ENUM_CONVERSION = YES;
				CLANG_WARN_INFINITE_RECURSION = YES;
				CLANG_WARN_INT_CONVERSION = YES;
				CLANG_WARN_NON_LITERAL_NULL_CONVERSION = YES;
				CLANG_WARN_OBJC_IMPLICIT_RETAIN_SELF = YES;
				CLANG_WARN_OBJC_LITERAL_CONVERSION = YES;
				CLANG_WARN_OBJC_ROOT_CLASS = YES_ERROR;
				CLANG_WARN_QUOTED_INCLUDE_IN_FRAMEWORK_HEADER = YES;
				CLANG_WARN_RANGE_LOOP_ANALYSIS = YES;
				CLANG_WARN_STRICT_PROTOTYPES = YES;
				CLANG_WARN_SUSPICIOUS_MOVE = YES;
				CLANG_WARN_UNGUARDED_AVAILABILITY = YES_AGGRESSIVE;
				CLANG_WARN_UNREACHABLE_CODE = YES;
				CLANG_WARN__DUPLICATE_METHOD_MATCH = YES;
				COPY_PHASE_STRIP = NO;
				DEBUG_INFORMATION_FORMAT = dwarf;
				ENABLE_STRICT_OBJC_MSGSEND = YES;
				ENABLE_TESTABILITY = YES;
				GCC_C_LANGUAGE_STANDARD = gnu11;
				GCC_DYNAMIC_NO_PIC = NO;
				GCC_NO_COMMON_BLOCKS = YES;
				GCC_OPTIMIZATION_LEVEL = 0;
				GCC_PREPROCESSOR_DEFINITIONS = (
					"DEBUG=1",
					"$(inherited)",
				);
				GCC_WARN_64_TO_32_BIT_CONVERSION = YES;
				GCC_WARN_ABOUT_RETURN_TYPE = YES_ERROR;
				GCC_WARN_UNDECLARED_SELECTOR = YES;
				GCC_WARN_UNINITIALIZED_AUTOS = YES_AGGRESSIVE;
				GCC_WARN_UNUSED_FUNCTION = YES;
				GCC_WARN_UNUSED_VARIABLE = YES;
				IPHONEOS_DEPLOYMENT_TARGET = 16.2;
				MTL_ENABLE_DEBUG_INFO = INCLUDE_SOURCE;
				MTL_FAST_MATH = YES;
				ONLY_ACTIVE_ARCH = YES;
				SDKROOT = iphoneos;
				SWIFT_ACTIVE_COMPILATION_CONDITIONS = DEBUG;
				SWIFT_OPTIMIZATION_LEVEL = "-Onone";
			};
			name = Debug;
		};
		A0B1721B299B8ECC0091465B /* Release */ = {
			isa = XCBuildConfiguration;
			buildSettings = {
				ALWAYS_SEARCH_USER_PATHS = NO;
				CLANG_ANALYZER_NONNULL = YES;
				CLANG_ANALYZER_NUMBER_OBJECT_CONVERSION = YES_AGGRESSIVE;
				CLANG_CXX_LANGUAGE_STANDARD = "gnu++20";
				CLANG_ENABLE_MODULES = YES;
				CLANG_ENABLE_OBJC_ARC = YES;
				CLANG_ENABLE_OBJC_WEAK = YES;
				CLANG_WARN_BLOCK_CAPTURE_AUTORELEASING = YES;
				CLANG_WARN_BOOL_CONVERSION = YES;
				CLANG_WARN_COMMA = YES;
				CLANG_WARN_CONSTANT_CONVERSION = YES;
				CLANG_WARN_DEPRECATED_OBJC_IMPLEMENTATIONS = YES;
				CLANG_WARN_DIRECT_OBJC_ISA_USAGE = YES_ERROR;
				CLANG_WARN_DOCUMENTATION_COMMENTS = YES;
				CLANG_WARN_EMPTY_BODY = YES;
				CLANG_WARN_ENUM_CONVERSION = YES;
				CLANG_WARN_INFINITE_RECURSION = YES;
				CLANG_WARN_INT_CONVERSION = YES;
				CLANG_WARN_NON_LITERAL_NULL_CONVERSION = YES;
				CLANG_WARN_OBJC_IMPLICIT_RETAIN_SELF = YES;
				CLANG_WARN_OBJC_LITERAL_CONVERSION = YES;
				CLANG_WARN_OBJC_ROOT_CLASS = YES_ERROR;
				CLANG_WARN_QUOTED_INCLUDE_IN_FRAMEWORK_HEADER = YES;
				CLANG_WARN_RANGE_LOOP_ANALYSIS = YES;
				CLANG_WARN_STRICT_PROTOTYPES = YES;
				CLANG_WARN_SUSPICIOUS_MOVE = YES;
				CLANG_WARN_UNGUARDED_AVAILABILITY = YES_AGGRESSIVE;
				CLANG_WARN_UNREACHABLE_CODE = YES;
				CLANG_WARN__DUPLICATE_METHOD_MATCH = YES;
				COPY_PHASE_STRIP = NO;
				DEBUG_INFORMATION_FORMAT = "dwarf-with-dsym";
				ENABLE_NS_ASSERTIONS = NO;
				ENABLE_STRICT_OBJC_MSGSEND = YES;
				GCC_C_LANGUAGE_STANDARD = gnu11;
				GCC_NO_COMMON_BLOCKS = YES;
				GCC_WARN_64_TO_32_BIT_CONVERSION = YES;
				GCC_WARN_ABOUT_RETURN_TYPE = YES_ERROR;
				GCC_WARN_UNDECLARED_SELECTOR = YES;
				GCC_WARN_UNINITIALIZED_AUTOS = YES_AGGRESSIVE;
				GCC_WARN_UNUSED_FUNCTION = YES;
				GCC_WARN_UNUSED_VARIABLE = YES;
				IPHONEOS_DEPLOYMENT_TARGET = 16.2;
				MTL_ENABLE_DEBUG_INFO = NO;
				MTL_FAST_MATH = YES;
				SDKROOT = iphoneos;
				SWIFT_COMPILATION_MODE = wholemodule;
				SWIFT_OPTIMIZATION_LEVEL = "-O";
				VALIDATE_PRODUCT = YES;
			};
			name = Release;
		};
		A0B1721D299B8ECC0091465B /* Debug */ = {
			isa = XCBuildConfiguration;
			buildSettings = {
				ASSETCATALOG_COMPILER_APPICON_NAME = AppIcon;
				ASSETCATALOG_COMPILER_GLOBAL_ACCENT_COLOR_NAME = AccentColor;
				CODE_SIGN_IDENTITY = "Apple Development";
				CODE_SIGN_STYLE = Automatic;
				CURRENT_PROJECT_VERSION = 1;
				DEVELOPMENT_TEAM = "";
				GENERATE_INFOPLIST_FILE = YES;
				INFOPLIST_FILE = DemoApp/Info.plist;
				INFOPLIST_KEY_UIApplicationSupportsIndirectInputEvents = YES;
				INFOPLIST_KEY_UILaunchStoryboardName = LaunchScreen;
				INFOPLIST_KEY_UIMainStoryboardFile = "";
				INFOPLIST_KEY_UISupportedInterfaceOrientations_iPad = "UIInterfaceOrientationPortrait UIInterfaceOrientationPortraitUpsideDown UIInterfaceOrientationLandscapeLeft UIInterfaceOrientationLandscapeRight";
				INFOPLIST_KEY_UISupportedInterfaceOrientations_iPhone = "UIInterfaceOrientationPortrait UIInterfaceOrientationLandscapeLeft UIInterfaceOrientationLandscapeRight";
				IPHONEOS_DEPLOYMENT_TARGET = 13.0;
				LD_RUNPATH_SEARCH_PATHS = (
					"$(inherited)",
					"@executable_path/Frameworks",
				);
				MARKETING_VERSION = 1.0;
				PRODUCT_BUNDLE_IDENTIFIER = com.digitalgenius.iossdktest.DemoApp;
				PRODUCT_NAME = "$(TARGET_NAME)";
				PROVISIONING_PROFILE_SPECIFIER = "";
				SWIFT_EMIT_LOC_STRINGS = YES;
				SWIFT_VERSION = 5.0;
				TARGETED_DEVICE_FAMILY = "1,2";
			};
			name = Debug;
		};
		A0B1721E299B8ECC0091465B /* Release */ = {
			isa = XCBuildConfiguration;
			buildSettings = {
				ASSETCATALOG_COMPILER_APPICON_NAME = AppIcon;
				ASSETCATALOG_COMPILER_GLOBAL_ACCENT_COLOR_NAME = AccentColor;
				CODE_SIGN_IDENTITY = "Apple Development";
				CODE_SIGN_STYLE = Automatic;
				CURRENT_PROJECT_VERSION = 1;
				DEVELOPMENT_TEAM = "";
				GENERATE_INFOPLIST_FILE = YES;
				INFOPLIST_FILE = DemoApp/Info.plist;
				INFOPLIST_KEY_UIApplicationSupportsIndirectInputEvents = YES;
				INFOPLIST_KEY_UILaunchStoryboardName = LaunchScreen;
				INFOPLIST_KEY_UIMainStoryboardFile = "";
				INFOPLIST_KEY_UISupportedInterfaceOrientations_iPad = "UIInterfaceOrientationPortrait UIInterfaceOrientationPortraitUpsideDown UIInterfaceOrientationLandscapeLeft UIInterfaceOrientationLandscapeRight";
				INFOPLIST_KEY_UISupportedInterfaceOrientations_iPhone = "UIInterfaceOrientationPortrait UIInterfaceOrientationLandscapeLeft UIInterfaceOrientationLandscapeRight";
				IPHONEOS_DEPLOYMENT_TARGET = 13.0;
				LD_RUNPATH_SEARCH_PATHS = (
					"$(inherited)",
					"@executable_path/Frameworks",
				);
				MARKETING_VERSION = 1.0;
				PRODUCT_BUNDLE_IDENTIFIER = com.digitalgenius.iossdktest.DemoApp;
				PRODUCT_NAME = "$(TARGET_NAME)";
				PROVISIONING_PROFILE_SPECIFIER = "";
				SWIFT_EMIT_LOC_STRINGS = YES;
				SWIFT_VERSION = 5.0;
				TARGETED_DEVICE_FAMILY = "1,2";
			};
			name = Release;
		};
/* End XCBuildConfiguration section */

/* Begin XCConfigurationList section */
		A0B17203299B8ECA0091465B /* Build configuration list for PBXProject "DemoApp" */ = {
			isa = XCConfigurationList;
			buildConfigurations = (
				A0B1721A299B8ECC0091465B /* Debug */,
				A0B1721B299B8ECC0091465B /* Release */,
			);
			defaultConfigurationIsVisible = 0;
			defaultConfigurationName = Release;
		};
		A0B1721C299B8ECC0091465B /* Build configuration list for PBXNativeTarget "DemoApp" */ = {
			isa = XCConfigurationList;
			buildConfigurations = (
				A0B1721D299B8ECC0091465B /* Debug */,
				A0B1721E299B8ECC0091465B /* Release */,
			);
			defaultConfigurationIsVisible = 0;
			defaultConfigurationName = Release;
		};
/* End XCConfigurationList section */

/* Begin XCRemoteSwiftPackageReference section */
		26B680012C8EAE29003EEB9E /* XCRemoteSwiftPackageReference "genius-chat-widget-sdk-ios" */ = {
			isa = XCRemoteSwiftPackageReference;
			repositoryURL = "https://github.com/DigitalGenius/genius-chat-widget-sdk-ios.git";
			requirement = {
				kind = upToNextMajorVersion;
				minimumVersion = 1.15.0;
			};
		};
/* End XCRemoteSwiftPackageReference section */

/* Begin XCSwiftPackageProductDependency section */
		26B680022C8EAE29003EEB9E /* DGChatWidgetPackage */ = {
			isa = XCSwiftPackageProductDependency;
			package = 26B680012C8EAE29003EEB9E /* XCRemoteSwiftPackageReference "genius-chat-widget-sdk-ios" */;
			productName = DGChatWidgetPackage;
		};
/* End XCSwiftPackageProductDependency section */
	};
	rootObject = A0B17200299B8ECA0091465B /* Project object */;
}
